
Microsoft Visual Studio Solution File, Format Version 12.00
Project("{FAE04EC0-301F-11D3-BF4B-00C04F79EFBC}") = "Day01", "Day01\Day01.csproj", "{1D8B2B85-1B2B-488C-8B5C-266BAFFF4FDB}"
EndProject
Global
	GlobalSection(SolutionConfigurationPlatforms) = preSolution
		Debug|Any CPU = Debug|Any CPU
		Release|Any CPU = Release|Any CPU
	EndGlobalSection
	GlobalSection(ProjectConfigurationPlatforms) = postSolution
		{1D8B2B85-1B2B-488C-8B5C-266BAFFF4FDB}.Debug|Any CPU.ActiveCfg = Debug|Any CPU
		{1D8B2B85-1B2B-488C-8B5C-266BAFFF4FDB}.Debug|Any CPU.Build.0 = Debug|Any CPU
		{1D8B2B85-1B2B-488C-8B5C-266BAFFF4FDB}.Release|Any CPU.ActiveCfg = Release|Any CPU
		{1D8B2B85-1B2B-488C-8B5C-266BAFFF4FDB}.Release|Any CPU.Build.0 = Release|Any CPU
	EndGlobalSection
EndGlobal
