
Microsoft Visual Studio Solution File, Format Version 12.00
Project("{FAE04EC0-301F-11D3-BF4B-00C04F79EFBC}") = "Day01", "Day01\Day01.csproj", "{1D8B2B85-1B2B-488C-8B5C-266BAFFF4FDB}"
EndProject
Project("{FAE04EC0-301F-11D3-BF4B-00C04F79EFBC}") = "Day02", "Day02\Day02.csproj", "{96DDC71D-E713-4F3E-87AE-13FDA98A10D6}"
EndProject
Project("{FAE04EC0-301F-11D3-BF4B-00C04F79EFBC}") = "Day03", "Day03\Day03.csproj", "{58569E71-995A-4800-A556-236F74B4A376}"
EndProject
Project("{FAE04EC0-301F-11D3-BF4B-00C04F79EFBC}") = "Day04", "Day04\Day04.csproj", "{35CF245B-64BA-4467-81CE-5E113064C939}"
EndProject
Project("{FAE04EC0-301F-11D3-BF4B-00C04F79EFBC}") = "Day05", "Day05\Day05.csproj", "{BBE25E47-4FB7-42B2-AC88-625895392FAB}"
EndProject
Project("{FAE04EC0-301F-11D3-BF4B-00C04F79EFBC}") = "Day06", "Day06\Day06.csproj", "{7199D42E-4F0C-4700-88E8-F35101493984}"
EndProject
Global
	GlobalSection(SolutionConfigurationPlatforms) = preSolution
		Debug|Any CPU = Debug|Any CPU
		Release|Any CPU = Release|Any CPU
	EndGlobalSection
	GlobalSection(ProjectConfigurationPlatforms) = postSolution
		{1D8B2B85-1B2B-488C-8B5C-266BAFFF4FDB}.Debug|Any CPU.ActiveCfg = Debug|Any CPU
		{1D8B2B85-1B2B-488C-8B5C-266BAFFF4FDB}.Debug|Any CPU.Build.0 = Debug|Any CPU
		{1D8B2B85-1B2B-488C-8B5C-266BAFFF4FDB}.Release|Any CPU.ActiveCfg = Release|Any CPU
		{1D8B2B85-1B2B-488C-8B5C-266BAFFF4FDB}.Release|Any CPU.Build.0 = Release|Any CPU
		{96DDC71D-E713-4F3E-87AE-13FDA98A10D6}.Debug|Any CPU.ActiveCfg = Debug|Any CPU
		{96DDC71D-E713-4F3E-87AE-13FDA98A10D6}.Debug|Any CPU.Build.0 = Debug|Any CPU
		{96DDC71D-E713-4F3E-87AE-13FDA98A10D6}.Release|Any CPU.ActiveCfg = Release|Any CPU
		{96DDC71D-E713-4F3E-87AE-13FDA98A10D6}.Release|Any CPU.Build.0 = Release|Any CPU
		{58569E71-995A-4800-A556-236F74B4A376}.Debug|Any CPU.ActiveCfg = Debug|Any CPU
		{58569E71-995A-4800-A556-236F74B4A376}.Debug|Any CPU.Build.0 = Debug|Any CPU
		{58569E71-995A-4800-A556-236F74B4A376}.Release|Any CPU.ActiveCfg = Release|Any CPU
		{58569E71-995A-4800-A556-236F74B4A376}.Release|Any CPU.Build.0 = Release|Any CPU
		{35CF245B-64BA-4467-81CE-5E113064C939}.Debug|Any CPU.ActiveCfg = Debug|Any CPU
		{35CF245B-64BA-4467-81CE-5E113064C939}.Debug|Any CPU.Build.0 = Debug|Any CPU
		{35CF245B-64BA-4467-81CE-5E113064C939}.Release|Any CPU.ActiveCfg = Release|Any CPU
		{35CF245B-64BA-4467-81CE-5E113064C939}.Release|Any CPU.Build.0 = Release|Any CPU
		{BBE25E47-4FB7-42B2-AC88-625895392FAB}.Debug|Any CPU.ActiveCfg = Debug|Any CPU
		{BBE25E47-4FB7-42B2-AC88-625895392FAB}.Debug|Any CPU.Build.0 = Debug|Any CPU
		{BBE25E47-4FB7-42B2-AC88-625895392FAB}.Release|Any CPU.ActiveCfg = Release|Any CPU
		{BBE25E47-4FB7-42B2-AC88-625895392FAB}.Release|Any CPU.Build.0 = Release|Any CPU
		{7199D42E-4F0C-4700-88E8-F35101493984}.Debug|Any CPU.ActiveCfg = Debug|Any CPU
		{7199D42E-4F0C-4700-88E8-F35101493984}.Debug|Any CPU.Build.0 = Debug|Any CPU
		{7199D42E-4F0C-4700-88E8-F35101493984}.Release|Any CPU.ActiveCfg = Release|Any CPU
		{7199D42E-4F0C-4700-88E8-F35101493984}.Release|Any CPU.Build.0 = Release|Any CPU
	EndGlobalSection
EndGlobal
